{
  "originHash" : "75e12947d87d7416641c0e0d3770c14d49cf0f797f25d229e76f1b1f8e01012b",
  "pins" : [
    {
      "identity" : "asyncreactivesequences",
      "kind" : "remoteSourceControl",
      "location" : "https://github.com/trevorsheridan/AsyncReactiveSequences.git",
      "state" : {
        "revision" : "99d3d13ddbb29c9be47684db8dc500e6596ed470",
        "version" : "0.2.0"
      }
    },
    {
      "identity" : "semaphore",
      "kind" : "remoteSourceControl",
      "location" : "https://github.com/groue/Semaphore.git",
      "state" : {
        "revision" : "2543679282aa6f6c8ecf2138acd613ed20790bc2",
        "version" : "0.1.0"
      }
    },
    {
      "identity" : "swift-collections",
      "kind" : "remoteSourceControl",
      "location" : "https://github.com/apple/swift-collections.git",
      "state" : {
        "revision" : "671108c96644956dddcd89dd59c203dcdb36cec7",
        "version" : "1.1.4"
      }
    },
    {
      "identity" : "swiftutilities",
      "kind" : "remoteSourceControl",
      "location" : "https://github.com/pfllc/SwiftUtilities.git",
      "state" : {
        "revision" : "83ffd94f9bea294b63b6789aeabb84028e5648aa",
        "version" : "0.1.0"
      }
    }
  ],
  "version" : 3
}
