{
  "originHash" : "a88edd9a95d7b717af4fa7eac4f498519970e0017c0c476364f28446552b330b",
  "pins" : [
    {
      "identity" : "asyncreactivesequences",
      "kind" : "remoteSourceControl",
      "location" : "https://github.com/trevorsheridan/AsyncReactiveSequences.git",
      "state" : {
        "branch" : "main",
        "revision" : "cb6c8834d74b93927c6775088e7a5937dc5095e9"
      }
    },
    {
      "identity" : "semaphore",
      "kind" : "remoteSourceControl",
      "location" : "https://github.com/groue/Semaphore.git",
      "state" : {
        "revision" : "2543679282aa6f6c8ecf2138acd613ed20790bc2",
        "version" : "0.1.0"
      }
    },
    {
      "identity" : "swift-collections",
      "kind" : "remoteSourceControl",
      "location" : "https://github.com/apple/swift-collections.git",
      "state" : {
        "revision" : "671108c96644956dddcd89dd59c203dcdb36cec7",
        "version" : "1.1.4"
      }
    },
    {
      "identity" : "swiftutilities",
      "kind" : "remoteSourceControl",
      "location" : "https://github.com/pfllc/SwiftUtilities.git",
      "state" : {
        "branch" : "main",
        "revision" : "4449c89d826704f7308ccd0e62ded3af896d0fba"
      }
    }
  ],
  "version" : 3
}
